
Microsoft Visual Studio Solution File, Format Version 12.00
# Visual Studio Version 17
VisualStudioVersion = 17.0.32112.339
MinimumVisualStudioVersion = 10.0.40219.1
Project("{9A19103F-16F7-4668-BE54-9A1E7A4F7556}") = "UnityLesson_CSharp_ProgramClass", "UnityLesson_CSharp_ProgramClass\UnityLesson_CSharp_ProgramClass.csproj", "{F929C328-45BC-4431-B1A3-6DCA8578C84D}"
EndProject
Project("{9A19103F-16F7-4668-BE54-9A1E7A4F7556}") = "UnityLesson_CSharp_ProgramClass_Dotnet5", "UnityLesson_CSharp_ProgramClass_Dotnet5\UnityLesson_CSharp_ProgramClass_Dotnet5.csproj", "{4D3064B3-EF79-4659-ACF4-28B45B8A1F36}"
EndProject
Project("{9A19103F-16F7-4668-BE54-9A1E7A4F7556}") = "UnityLesson_CSharp_Variable", "UnityLesson_CSharp_Variable\UnityLesson_CSharp_Variable.csproj", "{F3EC359A-7FCB-4375-A6F8-98136ADA1BE2}"
EndProject
Project("{9A19103F-16F7-4668-BE54-9A1E7A4F7556}") = "UnityLesson_CSharp_If", "UnityLesson_CSharp_If\UnityLesson_CSharp_If.csproj", "{C197D3B6-6648-4DE3-9421-C9AFF5250A90}"
EndProject
Project("{9A19103F-16F7-4668-BE54-9A1E7A4F7556}") = "UnityLesson_CSharp_Method", "UnityLesson_CSharp_Method\UnityLesson_CSharp_Method.csproj", "{FE2BCBE6-F016-416A-B64D-0CCBDC08B0ED}"
EndProject
Project("{9A19103F-16F7-4668-BE54-9A1E7A4F7556}") = "UnityLesson_CSharp_ClassObjectInstance", "UnityLesson_CSharp_ClassObjectInstance_2\UnityLesson_CSharp_ClassObjectInstance.csproj", "{8B877FD2-19AF-45A9-91ED-27AF8D261341}"
EndProject
Project("{9A19103F-16F7-4668-BE54-9A1E7A4F7556}") = "UnityLesson_CSharp_InstantiationOfClass", "UnityLesson_CSharp_InstantiationOfClass\UnityLesson_CSharp_InstantiationOfClass.csproj", "{87AEF5CC-568E-4BEC-B2AA-7237943048AE}"
EndProject
Project("{9A19103F-16F7-4668-BE54-9A1E7A4F7556}") = "UnityLesson_CSharp_StaticExample", "UnityLesson_CSharp_StaticExample\UnityLesson_CSharp_StaticExample.csproj", "{FA4EF173-7F21-4CFB-8A05-E898D3F9E6F5}"
EndProject
Project("{9A19103F-16F7-4668-BE54-9A1E7A4F7556}") = "UnityLesson_CSharp_ClassInstantiationExample1", "UnityLesson_CSharp_ClassInstantiationExample1\UnityLesson_CSharp_ClassInstantiationExample1.csproj", "{6462A5A1-DF59-4BD6-8D0B-6A6468053AFE}"
EndProject
Project("{9A19103F-16F7-4668-BE54-9A1E7A4F7556}") = "UnityLesson_CSharp_Operator", "UnityLesson_CSharp_Operator\UnityLesson_CSharp_Operator.csproj", "{D770988B-772D-43EE-ADED-0A732235262A}"
EndProject
Project("{9A19103F-16F7-4668-BE54-9A1E7A4F7556}") = "UnityLesson_CSharp_Array", "UnityLesson_CSharp_Array\UnityLesson_CSharp_Array.csproj", "{460B94DD-989B-4543-80EA-C4F4C250C961}"
EndProject
Project("{9A19103F-16F7-4668-BE54-9A1E7A4F7556}") = "UnityLesson_CSharp_WhileLoop", "UnityLesson_CSharp_WhileLoop\UnityLesson_CSharp_WhileLoop.csproj", "{CBEC3153-5DCA-49AE-A99F-6D2A16B5CA24}"
EndProject
Project("{9A19103F-16F7-4668-BE54-9A1E7A4F7556}") = "UnityLesson_CSharp_ForLoop", "UnityLesson_CSharp_ForLoop\UnityLesson_CSharp_ForLoop.csproj", "{12DF097A-2F14-45B9-BC8C-811ED0A78490}"
EndProject
Project("{9A19103F-16F7-4668-BE54-9A1E7A4F7556}") = "UnityLesson_CSharp_ForLoopExample", "UnityLesson_CSharp_ForLoopExample\UnityLesson_CSharp_ForLoopExample.csproj", "{A1CA697D-CA41-44D8-9C91-BD5443450CB0}"
EndProject
Project("{9A19103F-16F7-4668-BE54-9A1E7A4F7556}") = "UnityLesson_CSharp_Collection", "UnityLesson_CSharp_Collection\UnityLesson_CSharp_Collection.csproj", "{22BF0562-0343-4642-9E5D-2E5BD2FDD6C0}"
EndProject
Project("{9A19103F-16F7-4668-BE54-9A1E7A4F7556}") = "복습", "복습\복습.csproj", "{654B89C1-36CA-41C0-9C46-D018F85BC633}"
EndProject
Project("{9A19103F-16F7-4668-BE54-9A1E7A4F7556}") = "UnityLesson_CSharp_EnumAndSwitchCase", "UnityLesson_CSharp_EnumAndSwitchCase\UnityLesson_CSharp_EnumAndSwitchCase.csproj", "{75807246-82B1-4D9F-B4DD-6460DE3482A9}"
EndProject
Project("{9A19103F-16F7-4668-BE54-9A1E7A4F7556}") = "UnityLesson_CSharp_Structure", "UnityLesson_CSharp_Structure\UnityLesson_CSharp_Structure.csproj", "{B403AEB2-F1E5-4FDA-9E61-74F23FF189F3}"
EndProject
Project("{9A19103F-16F7-4668-BE54-9A1E7A4F7556}") = "UnityLesson_CSharp__ClassInharitance", "UnityLesson_CSharp__ClassInharitance\UnityLesson_CSharp__ClassInharitance.csproj", "{63BAAB69-076A-40EF-9A13-301CFD90F9C6}"
EndProject
Project("{9A19103F-16F7-4668-BE54-9A1E7A4F7556}") = "UnityLesson_CSharp_Delegate", "UnityLesson_CSharp_Delegate\UnityLesson_CSharp_Delegate.csproj", "{F29916E1-858F-4686-8D5A-F98620247FFC}"
EndProject
Project("{9A19103F-16F7-4668-BE54-9A1E7A4F7556}") = "숙제_경마게임", "숙제\숙제_경마게임.csproj", "{EDE3C7AB-9E9E-4E65-BBDB-4F9DC05217B1}"
EndProject
Project("{9A19103F-16F7-4668-BE54-9A1E7A4F7556}") = "숙제_주사위게임", "숙제_주사위게임\숙제_주사위게임.csproj", "{DA3DAEC3-936A-4CF1-801B-2DFD6EFF054D}"
EndProject
Project("{FAE04EC0-301F-11D3-BF4B-00C04F79EFBC}") = "숙제_주사위게임_2", "숙제_주사위게임_2\숙제_주사위게임_2.csproj", "{542E143D-DC67-436B-AD8C-525D495581A6}"
EndProject
Global
	GlobalSection(SolutionConfigurationPlatforms) = preSolution
		Debug|Any CPU = Debug|Any CPU
		Debug|x64 = Debug|x64
		Debug|x86 = Debug|x86
		Release|Any CPU = Release|Any CPU
		Release|x64 = Release|x64
		Release|x86 = Release|x86
	EndGlobalSection
	GlobalSection(ProjectConfigurationPlatforms) = postSolution
		{F929C328-45BC-4431-B1A3-6DCA8578C84D}.Debug|Any CPU.ActiveCfg = Debug|Any CPU
		{F929C328-45BC-4431-B1A3-6DCA8578C84D}.Debug|Any CPU.Build.0 = Debug|Any CPU
		{F929C328-45BC-4431-B1A3-6DCA8578C84D}.Debug|x64.ActiveCfg = Debug|Any CPU
		{F929C328-45BC-4431-B1A3-6DCA8578C84D}.Debug|x64.Build.0 = Debug|Any CPU
		{F929C328-45BC-4431-B1A3-6DCA8578C84D}.Debug|x86.ActiveCfg = Debug|Any CPU
		{F929C328-45BC-4431-B1A3-6DCA8578C84D}.Debug|x86.Build.0 = Debug|Any CPU
		{F929C328-45BC-4431-B1A3-6DCA8578C84D}.Release|Any CPU.ActiveCfg = Release|Any CPU
		{F929C328-45BC-4431-B1A3-6DCA8578C84D}.Release|Any CPU.Build.0 = Release|Any CPU
		{F929C328-45BC-4431-B1A3-6DCA8578C84D}.Release|x64.ActiveCfg = Release|Any CPU
		{F929C328-45BC-4431-B1A3-6DCA8578C84D}.Release|x64.Build.0 = Release|Any CPU
		{F929C328-45BC-4431-B1A3-6DCA8578C84D}.Release|x86.ActiveCfg = Release|Any CPU
		{F929C328-45BC-4431-B1A3-6DCA8578C84D}.Release|x86.Build.0 = Release|Any CPU
		{4D3064B3-EF79-4659-ACF4-28B45B8A1F36}.Debug|Any CPU.ActiveCfg = Debug|Any CPU
		{4D3064B3-EF79-4659-ACF4-28B45B8A1F36}.Debug|Any CPU.Build.0 = Debug|Any CPU
		{4D3064B3-EF79-4659-ACF4-28B45B8A1F36}.Debug|x64.ActiveCfg = Debug|Any CPU
		{4D3064B3-EF79-4659-ACF4-28B45B8A1F36}.Debug|x64.Build.0 = Debug|Any CPU
		{4D3064B3-EF79-4659-ACF4-28B45B8A1F36}.Debug|x86.ActiveCfg = Debug|Any CPU
		{4D3064B3-EF79-4659-ACF4-28B45B8A1F36}.Debug|x86.Build.0 = Debug|Any CPU
		{4D3064B3-EF79-4659-ACF4-28B45B8A1F36}.Release|Any CPU.ActiveCfg = Release|Any CPU
		{4D3064B3-EF79-4659-ACF4-28B45B8A1F36}.Release|Any CPU.Build.0 = Release|Any CPU
		{4D3064B3-EF79-4659-ACF4-28B45B8A1F36}.Release|x64.ActiveCfg = Release|Any CPU
		{4D3064B3-EF79-4659-ACF4-28B45B8A1F36}.Release|x64.Build.0 = Release|Any CPU
		{4D3064B3-EF79-4659-ACF4-28B45B8A1F36}.Release|x86.ActiveCfg = Release|Any CPU
		{4D3064B3-EF79-4659-ACF4-28B45B8A1F36}.Release|x86.Build.0 = Release|Any CPU
		{F3EC359A-7FCB-4375-A6F8-98136ADA1BE2}.Debug|Any CPU.ActiveCfg = Debug|Any CPU
		{F3EC359A-7FCB-4375-A6F8-98136ADA1BE2}.Debug|Any CPU.Build.0 = Debug|Any CPU
		{F3EC359A-7FCB-4375-A6F8-98136ADA1BE2}.Debug|x64.ActiveCfg = Debug|Any CPU
		{F3EC359A-7FCB-4375-A6F8-98136ADA1BE2}.Debug|x64.Build.0 = Debug|Any CPU
		{F3EC359A-7FCB-4375-A6F8-98136ADA1BE2}.Debug|x86.ActiveCfg = Debug|Any CPU
		{F3EC359A-7FCB-4375-A6F8-98136ADA1BE2}.Debug|x86.Build.0 = Debug|Any CPU
		{F3EC359A-7FCB-4375-A6F8-98136ADA1BE2}.Release|Any CPU.ActiveCfg = Release|Any CPU
		{F3EC359A-7FCB-4375-A6F8-98136ADA1BE2}.Release|Any CPU.Build.0 = Release|Any CPU
		{F3EC359A-7FCB-4375-A6F8-98136ADA1BE2}.Release|x64.ActiveCfg = Release|Any CPU
		{F3EC359A-7FCB-4375-A6F8-98136ADA1BE2}.Release|x64.Build.0 = Release|Any CPU
		{F3EC359A-7FCB-4375-A6F8-98136ADA1BE2}.Release|x86.ActiveCfg = Release|Any CPU
		{F3EC359A-7FCB-4375-A6F8-98136ADA1BE2}.Release|x86.Build.0 = Release|Any CPU
		{C197D3B6-6648-4DE3-9421-C9AFF5250A90}.Debug|Any CPU.ActiveCfg = Debug|Any CPU
		{C197D3B6-6648-4DE3-9421-C9AFF5250A90}.Debug|Any CPU.Build.0 = Debug|Any CPU
		{C197D3B6-6648-4DE3-9421-C9AFF5250A90}.Debug|x64.ActiveCfg = Debug|Any CPU
		{C197D3B6-6648-4DE3-9421-C9AFF5250A90}.Debug|x64.Build.0 = Debug|Any CPU
		{C197D3B6-6648-4DE3-9421-C9AFF5250A90}.Debug|x86.ActiveCfg = Debug|Any CPU
		{C197D3B6-6648-4DE3-9421-C9AFF5250A90}.Debug|x86.Build.0 = Debug|Any CPU
		{C197D3B6-6648-4DE3-9421-C9AFF5250A90}.Release|Any CPU.ActiveCfg = Release|Any CPU
		{C197D3B6-6648-4DE3-9421-C9AFF5250A90}.Release|Any CPU.Build.0 = Release|Any CPU
		{C197D3B6-6648-4DE3-9421-C9AFF5250A90}.Release|x64.ActiveCfg = Release|Any CPU
		{C197D3B6-6648-4DE3-9421-C9AFF5250A90}.Release|x64.Build.0 = Release|Any CPU
		{C197D3B6-6648-4DE3-9421-C9AFF5250A90}.Release|x86.ActiveCfg = Release|Any CPU
		{C197D3B6-6648-4DE3-9421-C9AFF5250A90}.Release|x86.Build.0 = Release|Any CPU
		{FE2BCBE6-F016-416A-B64D-0CCBDC08B0ED}.Debug|Any CPU.ActiveCfg = Debug|Any CPU
		{FE2BCBE6-F016-416A-B64D-0CCBDC08B0ED}.Debug|Any CPU.Build.0 = Debug|Any CPU
		{FE2BCBE6-F016-416A-B64D-0CCBDC08B0ED}.Debug|x64.ActiveCfg = Debug|Any CPU
		{FE2BCBE6-F016-416A-B64D-0CCBDC08B0ED}.Debug|x64.Build.0 = Debug|Any CPU
		{FE2BCBE6-F016-416A-B64D-0CCBDC08B0ED}.Debug|x86.ActiveCfg = Debug|Any CPU
		{FE2BCBE6-F016-416A-B64D-0CCBDC08B0ED}.Debug|x86.Build.0 = Debug|Any CPU
		{FE2BCBE6-F016-416A-B64D-0CCBDC08B0ED}.Release|Any CPU.ActiveCfg = Release|Any CPU
		{FE2BCBE6-F016-416A-B64D-0CCBDC08B0ED}.Release|Any CPU.Build.0 = Release|Any CPU
		{FE2BCBE6-F016-416A-B64D-0CCBDC08B0ED}.Release|x64.ActiveCfg = Release|Any CPU
		{FE2BCBE6-F016-416A-B64D-0CCBDC08B0ED}.Release|x64.Build.0 = Release|Any CPU
		{FE2BCBE6-F016-416A-B64D-0CCBDC08B0ED}.Release|x86.ActiveCfg = Release|Any CPU
		{FE2BCBE6-F016-416A-B64D-0CCBDC08B0ED}.Release|x86.Build.0 = Release|Any CPU
		{8B877FD2-19AF-45A9-91ED-27AF8D261341}.Debug|Any CPU.ActiveCfg = Debug|Any CPU
		{8B877FD2-19AF-45A9-91ED-27AF8D261341}.Debug|Any CPU.Build.0 = Debug|Any CPU
		{8B877FD2-19AF-45A9-91ED-27AF8D261341}.Debug|x64.ActiveCfg = Debug|Any CPU
		{8B877FD2-19AF-45A9-91ED-27AF8D261341}.Debug|x64.Build.0 = Debug|Any CPU
		{8B877FD2-19AF-45A9-91ED-27AF8D261341}.Debug|x86.ActiveCfg = Debug|Any CPU
		{8B877FD2-19AF-45A9-91ED-27AF8D261341}.Debug|x86.Build.0 = Debug|Any CPU
		{8B877FD2-19AF-45A9-91ED-27AF8D261341}.Release|Any CPU.ActiveCfg = Release|Any CPU
		{8B877FD2-19AF-45A9-91ED-27AF8D261341}.Release|Any CPU.Build.0 = Release|Any CPU
		{8B877FD2-19AF-45A9-91ED-27AF8D261341}.Release|x64.ActiveCfg = Release|Any CPU
		{8B877FD2-19AF-45A9-91ED-27AF8D261341}.Release|x64.Build.0 = Release|Any CPU
		{8B877FD2-19AF-45A9-91ED-27AF8D261341}.Release|x86.ActiveCfg = Release|Any CPU
		{8B877FD2-19AF-45A9-91ED-27AF8D261341}.Release|x86.Build.0 = Release|Any CPU
		{87AEF5CC-568E-4BEC-B2AA-7237943048AE}.Debug|Any CPU.ActiveCfg = Debug|Any CPU
		{87AEF5CC-568E-4BEC-B2AA-7237943048AE}.Debug|Any CPU.Build.0 = Debug|Any CPU
		{87AEF5CC-568E-4BEC-B2AA-7237943048AE}.Debug|x64.ActiveCfg = Debug|Any CPU
		{87AEF5CC-568E-4BEC-B2AA-7237943048AE}.Debug|x64.Build.0 = Debug|Any CPU
		{87AEF5CC-568E-4BEC-B2AA-7237943048AE}.Debug|x86.ActiveCfg = Debug|Any CPU
		{87AEF5CC-568E-4BEC-B2AA-7237943048AE}.Debug|x86.Build.0 = Debug|Any CPU
		{87AEF5CC-568E-4BEC-B2AA-7237943048AE}.Release|Any CPU.ActiveCfg = Release|Any CPU
		{87AEF5CC-568E-4BEC-B2AA-7237943048AE}.Release|Any CPU.Build.0 = Release|Any CPU
		{87AEF5CC-568E-4BEC-B2AA-7237943048AE}.Release|x64.ActiveCfg = Release|Any CPU
		{87AEF5CC-568E-4BEC-B2AA-7237943048AE}.Release|x64.Build.0 = Release|Any CPU
		{87AEF5CC-568E-4BEC-B2AA-7237943048AE}.Release|x86.ActiveCfg = Release|Any CPU
		{87AEF5CC-568E-4BEC-B2AA-7237943048AE}.Release|x86.Build.0 = Release|Any CPU
		{FA4EF173-7F21-4CFB-8A05-E898D3F9E6F5}.Debug|Any CPU.ActiveCfg = Debug|Any CPU
		{FA4EF173-7F21-4CFB-8A05-E898D3F9E6F5}.Debug|Any CPU.Build.0 = Debug|Any CPU
		{FA4EF173-7F21-4CFB-8A05-E898D3F9E6F5}.Debug|x64.ActiveCfg = Debug|Any CPU
		{FA4EF173-7F21-4CFB-8A05-E898D3F9E6F5}.Debug|x64.Build.0 = Debug|Any CPU
		{FA4EF173-7F21-4CFB-8A05-E898D3F9E6F5}.Debug|x86.ActiveCfg = Debug|Any CPU
		{FA4EF173-7F21-4CFB-8A05-E898D3F9E6F5}.Debug|x86.Build.0 = Debug|Any CPU
		{FA4EF173-7F21-4CFB-8A05-E898D3F9E6F5}.Release|Any CPU.ActiveCfg = Release|Any CPU
		{FA4EF173-7F21-4CFB-8A05-E898D3F9E6F5}.Release|Any CPU.Build.0 = Release|Any CPU
		{FA4EF173-7F21-4CFB-8A05-E898D3F9E6F5}.Release|x64.ActiveCfg = Release|Any CPU
		{FA4EF173-7F21-4CFB-8A05-E898D3F9E6F5}.Release|x64.Build.0 = Release|Any CPU
		{FA4EF173-7F21-4CFB-8A05-E898D3F9E6F5}.Release|x86.ActiveCfg = Release|Any CPU
		{FA4EF173-7F21-4CFB-8A05-E898D3F9E6F5}.Release|x86.Build.0 = Release|Any CPU
		{6462A5A1-DF59-4BD6-8D0B-6A6468053AFE}.Debug|Any CPU.ActiveCfg = Debug|Any CPU
		{6462A5A1-DF59-4BD6-8D0B-6A6468053AFE}.Debug|Any CPU.Build.0 = Debug|Any CPU
		{6462A5A1-DF59-4BD6-8D0B-6A6468053AFE}.Debug|x64.ActiveCfg = Debug|Any CPU
		{6462A5A1-DF59-4BD6-8D0B-6A6468053AFE}.Debug|x64.Build.0 = Debug|Any CPU
		{6462A5A1-DF59-4BD6-8D0B-6A6468053AFE}.Debug|x86.ActiveCfg = Debug|Any CPU
		{6462A5A1-DF59-4BD6-8D0B-6A6468053AFE}.Debug|x86.Build.0 = Debug|Any CPU
		{6462A5A1-DF59-4BD6-8D0B-6A6468053AFE}.Release|Any CPU.ActiveCfg = Release|Any CPU
		{6462A5A1-DF59-4BD6-8D0B-6A6468053AFE}.Release|Any CPU.Build.0 = Release|Any CPU
		{6462A5A1-DF59-4BD6-8D0B-6A6468053AFE}.Release|x64.ActiveCfg = Release|Any CPU
		{6462A5A1-DF59-4BD6-8D0B-6A6468053AFE}.Release|x64.Build.0 = Release|Any CPU
		{6462A5A1-DF59-4BD6-8D0B-6A6468053AFE}.Release|x86.ActiveCfg = Release|Any CPU
		{6462A5A1-DF59-4BD6-8D0B-6A6468053AFE}.Release|x86.Build.0 = Release|Any CPU
		{D770988B-772D-43EE-ADED-0A732235262A}.Debug|Any CPU.ActiveCfg = Debug|Any CPU
		{D770988B-772D-43EE-ADED-0A732235262A}.Debug|Any CPU.Build.0 = Debug|Any CPU
		{D770988B-772D-43EE-ADED-0A732235262A}.Debug|x64.ActiveCfg = Debug|Any CPU
		{D770988B-772D-43EE-ADED-0A732235262A}.Debug|x64.Build.0 = Debug|Any CPU
		{D770988B-772D-43EE-ADED-0A732235262A}.Debug|x86.ActiveCfg = Debug|Any CPU
		{D770988B-772D-43EE-ADED-0A732235262A}.Debug|x86.Build.0 = Debug|Any CPU
		{D770988B-772D-43EE-ADED-0A732235262A}.Release|Any CPU.ActiveCfg = Release|Any CPU
		{D770988B-772D-43EE-ADED-0A732235262A}.Release|Any CPU.Build.0 = Release|Any CPU
		{D770988B-772D-43EE-ADED-0A732235262A}.Release|x64.ActiveCfg = Release|Any CPU
		{D770988B-772D-43EE-ADED-0A732235262A}.Release|x64.Build.0 = Release|Any CPU
		{D770988B-772D-43EE-ADED-0A732235262A}.Release|x86.ActiveCfg = Release|Any CPU
		{D770988B-772D-43EE-ADED-0A732235262A}.Release|x86.Build.0 = Release|Any CPU
		{460B94DD-989B-4543-80EA-C4F4C250C961}.Debug|Any CPU.ActiveCfg = Debug|Any CPU
		{460B94DD-989B-4543-80EA-C4F4C250C961}.Debug|Any CPU.Build.0 = Debug|Any CPU
		{460B94DD-989B-4543-80EA-C4F4C250C961}.Debug|x64.ActiveCfg = Debug|Any CPU
		{460B94DD-989B-4543-80EA-C4F4C250C961}.Debug|x64.Build.0 = Debug|Any CPU
		{460B94DD-989B-4543-80EA-C4F4C250C961}.Debug|x86.ActiveCfg = Debug|Any CPU
		{460B94DD-989B-4543-80EA-C4F4C250C961}.Debug|x86.Build.0 = Debug|Any CPU
		{460B94DD-989B-4543-80EA-C4F4C250C961}.Release|Any CPU.ActiveCfg = Release|Any CPU
		{460B94DD-989B-4543-80EA-C4F4C250C961}.Release|Any CPU.Build.0 = Release|Any CPU
		{460B94DD-989B-4543-80EA-C4F4C250C961}.Release|x64.ActiveCfg = Release|Any CPU
		{460B94DD-989B-4543-80EA-C4F4C250C961}.Release|x64.Build.0 = Release|Any CPU
		{460B94DD-989B-4543-80EA-C4F4C250C961}.Release|x86.ActiveCfg = Release|Any CPU
		{460B94DD-989B-4543-80EA-C4F4C250C961}.Release|x86.Build.0 = Release|Any CPU
		{CBEC3153-5DCA-49AE-A99F-6D2A16B5CA24}.Debug|Any CPU.ActiveCfg = Debug|Any CPU
		{CBEC3153-5DCA-49AE-A99F-6D2A16B5CA24}.Debug|Any CPU.Build.0 = Debug|Any CPU
		{CBEC3153-5DCA-49AE-A99F-6D2A16B5CA24}.Debug|x64.ActiveCfg = Debug|Any CPU
		{CBEC3153-5DCA-49AE-A99F-6D2A16B5CA24}.Debug|x64.Build.0 = Debug|Any CPU
		{CBEC3153-5DCA-49AE-A99F-6D2A16B5CA24}.Debug|x86.ActiveCfg = Debug|Any CPU
		{CBEC3153-5DCA-49AE-A99F-6D2A16B5CA24}.Debug|x86.Build.0 = Debug|Any CPU
		{CBEC3153-5DCA-49AE-A99F-6D2A16B5CA24}.Release|Any CPU.ActiveCfg = Release|Any CPU
		{CBEC3153-5DCA-49AE-A99F-6D2A16B5CA24}.Release|Any CPU.Build.0 = Release|Any CPU
		{CBEC3153-5DCA-49AE-A99F-6D2A16B5CA24}.Release|x64.ActiveCfg = Release|Any CPU
		{CBEC3153-5DCA-49AE-A99F-6D2A16B5CA24}.Release|x64.Build.0 = Release|Any CPU
		{CBEC3153-5DCA-49AE-A99F-6D2A16B5CA24}.Release|x86.ActiveCfg = Release|Any CPU
		{CBEC3153-5DCA-49AE-A99F-6D2A16B5CA24}.Release|x86.Build.0 = Release|Any CPU
		{12DF097A-2F14-45B9-BC8C-811ED0A78490}.Debug|Any CPU.ActiveCfg = Debug|Any CPU
		{12DF097A-2F14-45B9-BC8C-811ED0A78490}.Debug|Any CPU.Build.0 = Debug|Any CPU
		{12DF097A-2F14-45B9-BC8C-811ED0A78490}.Debug|x64.ActiveCfg = Debug|Any CPU
		{12DF097A-2F14-45B9-BC8C-811ED0A78490}.Debug|x64.Build.0 = Debug|Any CPU
		{12DF097A-2F14-45B9-BC8C-811ED0A78490}.Debug|x86.ActiveCfg = Debug|Any CPU
		{12DF097A-2F14-45B9-BC8C-811ED0A78490}.Debug|x86.Build.0 = Debug|Any CPU
		{12DF097A-2F14-45B9-BC8C-811ED0A78490}.Release|Any CPU.ActiveCfg = Release|Any CPU
		{12DF097A-2F14-45B9-BC8C-811ED0A78490}.Release|Any CPU.Build.0 = Release|Any CPU
		{12DF097A-2F14-45B9-BC8C-811ED0A78490}.Release|x64.ActiveCfg = Release|Any CPU
		{12DF097A-2F14-45B9-BC8C-811ED0A78490}.Release|x64.Build.0 = Release|Any CPU
		{12DF097A-2F14-45B9-BC8C-811ED0A78490}.Release|x86.ActiveCfg = Release|Any CPU
		{12DF097A-2F14-45B9-BC8C-811ED0A78490}.Release|x86.Build.0 = Release|Any CPU
		{A1CA697D-CA41-44D8-9C91-BD5443450CB0}.Debug|Any CPU.ActiveCfg = Debug|Any CPU
		{A1CA697D-CA41-44D8-9C91-BD5443450CB0}.Debug|Any CPU.Build.0 = Debug|Any CPU
		{A1CA697D-CA41-44D8-9C91-BD5443450CB0}.Debug|x64.ActiveCfg = Debug|Any CPU
		{A1CA697D-CA41-44D8-9C91-BD5443450CB0}.Debug|x64.Build.0 = Debug|Any CPU
		{A1CA697D-CA41-44D8-9C91-BD5443450CB0}.Debug|x86.ActiveCfg = Debug|Any CPU
		{A1CA697D-CA41-44D8-9C91-BD5443450CB0}.Debug|x86.Build.0 = Debug|Any CPU
		{A1CA697D-CA41-44D8-9C91-BD5443450CB0}.Release|Any CPU.ActiveCfg = Release|Any CPU
		{A1CA697D-CA41-44D8-9C91-BD5443450CB0}.Release|Any CPU.Build.0 = Release|Any CPU
		{A1CA697D-CA41-44D8-9C91-BD5443450CB0}.Release|x64.ActiveCfg = Release|Any CPU
		{A1CA697D-CA41-44D8-9C91-BD5443450CB0}.Release|x64.Build.0 = Release|Any CPU
		{A1CA697D-CA41-44D8-9C91-BD5443450CB0}.Release|x86.ActiveCfg = Release|Any CPU
		{A1CA697D-CA41-44D8-9C91-BD5443450CB0}.Release|x86.Build.0 = Release|Any CPU
		{22BF0562-0343-4642-9E5D-2E5BD2FDD6C0}.Debug|Any CPU.ActiveCfg = Debug|Any CPU
		{22BF0562-0343-4642-9E5D-2E5BD2FDD6C0}.Debug|Any CPU.Build.0 = Debug|Any CPU
		{22BF0562-0343-4642-9E5D-2E5BD2FDD6C0}.Debug|x64.ActiveCfg = Debug|Any CPU
		{22BF0562-0343-4642-9E5D-2E5BD2FDD6C0}.Debug|x64.Build.0 = Debug|Any CPU
		{22BF0562-0343-4642-9E5D-2E5BD2FDD6C0}.Debug|x86.ActiveCfg = Debug|Any CPU
		{22BF0562-0343-4642-9E5D-2E5BD2FDD6C0}.Debug|x86.Build.0 = Debug|Any CPU
		{22BF0562-0343-4642-9E5D-2E5BD2FDD6C0}.Release|Any CPU.ActiveCfg = Release|Any CPU
		{22BF0562-0343-4642-9E5D-2E5BD2FDD6C0}.Release|Any CPU.Build.0 = Release|Any CPU
		{22BF0562-0343-4642-9E5D-2E5BD2FDD6C0}.Release|x64.ActiveCfg = Release|Any CPU
		{22BF0562-0343-4642-9E5D-2E5BD2FDD6C0}.Release|x64.Build.0 = Release|Any CPU
		{22BF0562-0343-4642-9E5D-2E5BD2FDD6C0}.Release|x86.ActiveCfg = Release|Any CPU
		{22BF0562-0343-4642-9E5D-2E5BD2FDD6C0}.Release|x86.Build.0 = Release|Any CPU
		{654B89C1-36CA-41C0-9C46-D018F85BC633}.Debug|Any CPU.ActiveCfg = Debug|Any CPU
		{654B89C1-36CA-41C0-9C46-D018F85BC633}.Debug|Any CPU.Build.0 = Debug|Any CPU
		{654B89C1-36CA-41C0-9C46-D018F85BC633}.Debug|x64.ActiveCfg = Debug|Any CPU
		{654B89C1-36CA-41C0-9C46-D018F85BC633}.Debug|x64.Build.0 = Debug|Any CPU
		{654B89C1-36CA-41C0-9C46-D018F85BC633}.Debug|x86.ActiveCfg = Debug|Any CPU
		{654B89C1-36CA-41C0-9C46-D018F85BC633}.Debug|x86.Build.0 = Debug|Any CPU
		{654B89C1-36CA-41C0-9C46-D018F85BC633}.Release|Any CPU.ActiveCfg = Release|Any CPU
		{654B89C1-36CA-41C0-9C46-D018F85BC633}.Release|Any CPU.Build.0 = Release|Any CPU
		{654B89C1-36CA-41C0-9C46-D018F85BC633}.Release|x64.ActiveCfg = Release|Any CPU
		{654B89C1-36CA-41C0-9C46-D018F85BC633}.Release|x64.Build.0 = Release|Any CPU
		{654B89C1-36CA-41C0-9C46-D018F85BC633}.Release|x86.ActiveCfg = Release|Any CPU
		{654B89C1-36CA-41C0-9C46-D018F85BC633}.Release|x86.Build.0 = Release|Any CPU
		{75807246-82B1-4D9F-B4DD-6460DE3482A9}.Debug|Any CPU.ActiveCfg = Debug|Any CPU
		{75807246-82B1-4D9F-B4DD-6460DE3482A9}.Debug|Any CPU.Build.0 = Debug|Any CPU
		{75807246-82B1-4D9F-B4DD-6460DE3482A9}.Debug|x64.ActiveCfg = Debug|Any CPU
		{75807246-82B1-4D9F-B4DD-6460DE3482A9}.Debug|x64.Build.0 = Debug|Any CPU
		{75807246-82B1-4D9F-B4DD-6460DE3482A9}.Debug|x86.ActiveCfg = Debug|Any CPU
		{75807246-82B1-4D9F-B4DD-6460DE3482A9}.Debug|x86.Build.0 = Debug|Any CPU
		{75807246-82B1-4D9F-B4DD-6460DE3482A9}.Release|Any CPU.ActiveCfg = Release|Any CPU
		{75807246-82B1-4D9F-B4DD-6460DE3482A9}.Release|Any CPU.Build.0 = Release|Any CPU
		{75807246-82B1-4D9F-B4DD-6460DE3482A9}.Release|x64.ActiveCfg = Release|Any CPU
		{75807246-82B1-4D9F-B4DD-6460DE3482A9}.Release|x64.Build.0 = Release|Any CPU
		{75807246-82B1-4D9F-B4DD-6460DE3482A9}.Release|x86.ActiveCfg = Release|Any CPU
		{75807246-82B1-4D9F-B4DD-6460DE3482A9}.Release|x86.Build.0 = Release|Any CPU
		{B403AEB2-F1E5-4FDA-9E61-74F23FF189F3}.Debug|Any CPU.ActiveCfg = Debug|Any CPU
		{B403AEB2-F1E5-4FDA-9E61-74F23FF189F3}.Debug|Any CPU.Build.0 = Debug|Any CPU
		{B403AEB2-F1E5-4FDA-9E61-74F23FF189F3}.Debug|x64.ActiveCfg = Debug|Any CPU
		{B403AEB2-F1E5-4FDA-9E61-74F23FF189F3}.Debug|x64.Build.0 = Debug|Any CPU
		{B403AEB2-F1E5-4FDA-9E61-74F23FF189F3}.Debug|x86.ActiveCfg = Debug|Any CPU
		{B403AEB2-F1E5-4FDA-9E61-74F23FF189F3}.Debug|x86.Build.0 = Debug|Any CPU
		{B403AEB2-F1E5-4FDA-9E61-74F23FF189F3}.Release|Any CPU.ActiveCfg = Release|Any CPU
		{B403AEB2-F1E5-4FDA-9E61-74F23FF189F3}.Release|Any CPU.Build.0 = Release|Any CPU
		{B403AEB2-F1E5-4FDA-9E61-74F23FF189F3}.Release|x64.ActiveCfg = Release|Any CPU
		{B403AEB2-F1E5-4FDA-9E61-74F23FF189F3}.Release|x64.Build.0 = Release|Any CPU
		{B403AEB2-F1E5-4FDA-9E61-74F23FF189F3}.Release|x86.ActiveCfg = Release|Any CPU
		{B403AEB2-F1E5-4FDA-9E61-74F23FF189F3}.Release|x86.Build.0 = Release|Any CPU
		{63BAAB69-076A-40EF-9A13-301CFD90F9C6}.Debug|Any CPU.ActiveCfg = Debug|Any CPU
		{63BAAB69-076A-40EF-9A13-301CFD90F9C6}.Debug|Any CPU.Build.0 = Debug|Any CPU
		{63BAAB69-076A-40EF-9A13-301CFD90F9C6}.Debug|x64.ActiveCfg = Debug|Any CPU
		{63BAAB69-076A-40EF-9A13-301CFD90F9C6}.Debug|x64.Build.0 = Debug|Any CPU
		{63BAAB69-076A-40EF-9A13-301CFD90F9C6}.Debug|x86.ActiveCfg = Debug|Any CPU
		{63BAAB69-076A-40EF-9A13-301CFD90F9C6}.Debug|x86.Build.0 = Debug|Any CPU
		{63BAAB69-076A-40EF-9A13-301CFD90F9C6}.Release|Any CPU.ActiveCfg = Release|Any CPU
		{63BAAB69-076A-40EF-9A13-301CFD90F9C6}.Release|Any CPU.Build.0 = Release|Any CPU
		{63BAAB69-076A-40EF-9A13-301CFD90F9C6}.Release|x64.ActiveCfg = Release|Any CPU
		{63BAAB69-076A-40EF-9A13-301CFD90F9C6}.Release|x64.Build.0 = Release|Any CPU
		{63BAAB69-076A-40EF-9A13-301CFD90F9C6}.Release|x86.ActiveCfg = Release|Any CPU
		{63BAAB69-076A-40EF-9A13-301CFD90F9C6}.Release|x86.Build.0 = Release|Any CPU
		{F29916E1-858F-4686-8D5A-F98620247FFC}.Debug|Any CPU.ActiveCfg = Debug|Any CPU
		{F29916E1-858F-4686-8D5A-F98620247FFC}.Debug|Any CPU.Build.0 = Debug|Any CPU
		{F29916E1-858F-4686-8D5A-F98620247FFC}.Debug|x64.ActiveCfg = Debug|Any CPU
		{F29916E1-858F-4686-8D5A-F98620247FFC}.Debug|x64.Build.0 = Debug|Any CPU
		{F29916E1-858F-4686-8D5A-F98620247FFC}.Debug|x86.ActiveCfg = Debug|Any CPU
		{F29916E1-858F-4686-8D5A-F98620247FFC}.Debug|x86.Build.0 = Debug|Any CPU
		{F29916E1-858F-4686-8D5A-F98620247FFC}.Release|Any CPU.ActiveCfg = Release|Any CPU
		{F29916E1-858F-4686-8D5A-F98620247FFC}.Release|Any CPU.Build.0 = Release|Any CPU
		{F29916E1-858F-4686-8D5A-F98620247FFC}.Release|x64.ActiveCfg = Release|Any CPU
		{F29916E1-858F-4686-8D5A-F98620247FFC}.Release|x64.Build.0 = Release|Any CPU
		{F29916E1-858F-4686-8D5A-F98620247FFC}.Release|x86.ActiveCfg = Release|Any CPU
		{F29916E1-858F-4686-8D5A-F98620247FFC}.Release|x86.Build.0 = Release|Any CPU
		{EDE3C7AB-9E9E-4E65-BBDB-4F9DC05217B1}.Debug|Any CPU.ActiveCfg = Debug|Any CPU
		{EDE3C7AB-9E9E-4E65-BBDB-4F9DC05217B1}.Debug|Any CPU.Build.0 = Debug|Any CPU
		{EDE3C7AB-9E9E-4E65-BBDB-4F9DC05217B1}.Debug|x64.ActiveCfg = Debug|Any CPU
		{EDE3C7AB-9E9E-4E65-BBDB-4F9DC05217B1}.Debug|x64.Build.0 = Debug|Any CPU
		{EDE3C7AB-9E9E-4E65-BBDB-4F9DC05217B1}.Debug|x86.ActiveCfg = Debug|Any CPU
		{EDE3C7AB-9E9E-4E65-BBDB-4F9DC05217B1}.Debug|x86.Build.0 = Debug|Any CPU
		{EDE3C7AB-9E9E-4E65-BBDB-4F9DC05217B1}.Release|Any CPU.ActiveCfg = Release|Any CPU
		{EDE3C7AB-9E9E-4E65-BBDB-4F9DC05217B1}.Release|Any CPU.Build.0 = Release|Any CPU
		{EDE3C7AB-9E9E-4E65-BBDB-4F9DC05217B1}.Release|x64.ActiveCfg = Release|Any CPU
		{EDE3C7AB-9E9E-4E65-BBDB-4F9DC05217B1}.Release|x64.Build.0 = Release|Any CPU
		{EDE3C7AB-9E9E-4E65-BBDB-4F9DC05217B1}.Release|x86.ActiveCfg = Release|Any CPU
		{EDE3C7AB-9E9E-4E65-BBDB-4F9DC05217B1}.Release|x86.Build.0 = Release|Any CPU
		{DA3DAEC3-936A-4CF1-801B-2DFD6EFF054D}.Debug|Any CPU.ActiveCfg = Debug|Any CPU
		{DA3DAEC3-936A-4CF1-801B-2DFD6EFF054D}.Debug|Any CPU.Build.0 = Debug|Any CPU
		{DA3DAEC3-936A-4CF1-801B-2DFD6EFF054D}.Debug|x64.ActiveCfg = Debug|Any CPU
		{DA3DAEC3-936A-4CF1-801B-2DFD6EFF054D}.Debug|x64.Build.0 = Debug|Any CPU
		{DA3DAEC3-936A-4CF1-801B-2DFD6EFF054D}.Debug|x86.ActiveCfg = Debug|Any CPU
		{DA3DAEC3-936A-4CF1-801B-2DFD6EFF054D}.Debug|x86.Build.0 = Debug|Any CPU
		{DA3DAEC3-936A-4CF1-801B-2DFD6EFF054D}.Release|Any CPU.ActiveCfg = Release|Any CPU
		{DA3DAEC3-936A-4CF1-801B-2DFD6EFF054D}.Release|Any CPU.Build.0 = Release|Any CPU
		{DA3DAEC3-936A-4CF1-801B-2DFD6EFF054D}.Release|x64.ActiveCfg = Release|Any CPU
		{DA3DAEC3-936A-4CF1-801B-2DFD6EFF054D}.Release|x64.Build.0 = Release|Any CPU
		{DA3DAEC3-936A-4CF1-801B-2DFD6EFF054D}.Release|x86.ActiveCfg = Release|Any CPU
		{DA3DAEC3-936A-4CF1-801B-2DFD6EFF054D}.Release|x86.Build.0 = Release|Any CPU
		{542E143D-DC67-436B-AD8C-525D495581A6}.Debug|Any CPU.ActiveCfg = Debug|Any CPU
		{542E143D-DC67-436B-AD8C-525D495581A6}.Debug|Any CPU.Build.0 = Debug|Any CPU
		{542E143D-DC67-436B-AD8C-525D495581A6}.Debug|x64.ActiveCfg = Debug|Any CPU
		{542E143D-DC67-436B-AD8C-525D495581A6}.Debug|x64.Build.0 = Debug|Any CPU
		{542E143D-DC67-436B-AD8C-525D495581A6}.Debug|x86.ActiveCfg = Debug|Any CPU
		{542E143D-DC67-436B-AD8C-525D495581A6}.Debug|x86.Build.0 = Debug|Any CPU
		{542E143D-DC67-436B-AD8C-525D495581A6}.Release|Any CPU.ActiveCfg = Release|Any CPU
		{542E143D-DC67-436B-AD8C-525D495581A6}.Release|Any CPU.Build.0 = Release|Any CPU
		{542E143D-DC67-436B-AD8C-525D495581A6}.Release|x64.ActiveCfg = Release|Any CPU
		{542E143D-DC67-436B-AD8C-525D495581A6}.Release|x64.Build.0 = Release|Any CPU
		{542E143D-DC67-436B-AD8C-525D495581A6}.Release|x86.ActiveCfg = Release|Any CPU
		{542E143D-DC67-436B-AD8C-525D495581A6}.Release|x86.Build.0 = Release|Any CPU
	EndGlobalSection
	GlobalSection(SolutionProperties) = preSolution
		HideSolutionNode = FALSE
	EndGlobalSection
	GlobalSection(ExtensibilityGlobals) = postSolution
		SolutionGuid = {1B5239B5-C828-4549-9027-0981384B84F2}
	EndGlobalSection
EndGlobal
